# @generated by Move, please check-in and do not edit manually.

[move]
version = 2
manifest_digest = "C47E8ACED4E402E3054B19ADB940BC928E7AB78C18CD675B62FA1BA3CFEC0167"
deps_digest = "F8BBB0CCB2491CA29A3DF03D6F92277A4F3574266507ACD77214D37ECA3F3082"
dependencies = [
  { name = "Sui" },
]

[[move.package]]
name = "MoveStdlib"
source = { git = "https://github.com/MystenLabs/sui.git", rev = "framework/testnet", subdir = "crates/sui-framework/packages/move-stdlib" }

[[move.package]]
name = "Sui"
source = { git = "https://github.com/MystenLabs/sui.git", rev = "framework/testnet", subdir = "crates/sui-framework/packages/sui-framework" }

dependencies = [
  { name = "MoveStdlib" },
]

[move.toolchain-version]
compiler-version = "1.33.1"
edition = "2024.beta"
flavor = "sui"

[env]

[env.testnet]
chain-id = "4c78adac"
original-published-id = "0x4a696ef44969a916917340b188a0a4b6456d58e3c8683f872d121800140c2dde"
latest-published-id = "0x4a696ef44969a916917340b188a0a4b6456d58e3c8683f872d121800140c2dde"
published-version = "1"
