# @generated by Move, please check-in and do not edit manually.

[move]
version = 2
manifest_digest = "BC73ACE38CF5DDF8F9BAD6C7AAE3DBF5418417233D110EDA499E97D9F4373C6C"
deps_digest = "F8BBB0CCB2491CA29A3DF03D6F92277A4F3574266507ACD77214D37ECA3F3082"
dependencies = [
  { name = "Sui" },
]

[[move.package]]
name = "MoveStdlib"
source = { git = "https://github.com/MystenLabs/sui.git", rev = "framework/testnet", subdir = "crates/sui-framework/packages/move-stdlib" }

[[move.package]]
name = "Sui"
source = { git = "https://github.com/MystenLabs/sui.git", rev = "framework/testnet", subdir = "crates/sui-framework/packages/sui-framework" }

dependencies = [
  { name = "MoveStdlib" },
]

[move.toolchain-version]
compiler-version = "1.33.1"
edition = "2024.beta"
flavor = "sui"

[env]

[env.testnet]
chain-id = "4c78adac"
original-published-id = "0x4e78b9f36a1097a62467ae6d94620ba765e6d34d5cbdf00d830afdeabc1529c8"
latest-published-id = "0x4e78b9f36a1097a62467ae6d94620ba765e6d34d5cbdf00d830afdeabc1529c8"
published-version = "1"
